
Microsoft Visual Studio Solution File, Format Version 12.00
# Visual Studio Version 17
VisualStudioVersion = 17.6.33927.249
MinimumVisualStudioVersion = 10.0.40219.1
Project("{8BC9CEB8-8B4A-11D0-8D11-00A0C91BC942}") = "MapNLQ", "MapNLQ.vcxproj", "{A9A185E9-2DA2-49DA-9141-942A8380CC28}"
EndProject
Global
	GlobalSection(SolutionConfigurationPlatforms) = preSolution
		Debug|x64 = Debug|x64
		Debug|x86 = Debug|x86
		Release|x64 = Release|x64
		Release|x86 = Release|x86
	EndGlobalSection
	GlobalSection(ProjectConfigurationPlatforms) = postSolution
		{A9A185E9-2DA2-49DA-9141-942A8380CC28}.Debug|x64.ActiveCfg = Debug|x64
		{A9A185E9-2DA2-49DA-9141-942A8380CC28}.Debug|x64.Build.0 = Debug|x64
		{A9A185E9-2DA2-49DA-9141-942A8380CC28}.Debug|x86.ActiveCfg = Debug|Win32
		{A9A185E9-2DA2-49DA-9141-942A8380CC28}.Debug|x86.Build.0 = Debug|Win32
		{A9A185E9-2DA2-49DA-9141-942A8380CC28}.Release|x64.ActiveCfg = Release|x64
		{A9A185E9-2DA2-49DA-9141-942A8380CC28}.Release|x64.Build.0 = Release|x64
		{A9A185E9-2DA2-49DA-9141-942A8380CC28}.Release|x86.ActiveCfg = Release|Win32
		{A9A185E9-2DA2-49DA-9141-942A8380CC28}.Release|x86.Build.0 = Release|Win32
	EndGlobalSection
	GlobalSection(SolutionProperties) = preSolution
		HideSolutionNode = FALSE
	EndGlobalSection
	GlobalSection(ExtensibilityGlobals) = postSolution
		SolutionGuid = {D303E404-0A65-43AD-AA3E-2F067AA669F5}
	EndGlobalSection
EndGlobal
